{
  "nodes": {
    "async-schema-tooling": {
      "inputs": {
        "async-schema-tooling": "async-schema-tooling_2",
        "cliproject": "cliproject",
        "flake-utils": "flake-utils_2",
        "gomod2nix": "gomod2nix",
        "matcher": "matcher",
        "nixpkgs": [
          "lunar-tools",
          "nixpkgs"
        ],
        "ui-logger": "ui-logger",
        "vostok": "vostok"
      },
      "locked": {
        "path": "./nix/lunar-tooling/async-schema-tooling",
        "type": "path"
      },
      "original": {
        "path": "./nix/lunar-tooling/async-schema-tooling",
        "type": "path"
      },
      "parent": [
        "lunar-tools"
      ]
    },
    "async-schema-tooling_2": {
      "flake": false,
      "locked": {
        "lastModified": 1754983896,
        "narHash": "sha256-Om6hWdAGtRNltpeiVCu7qEkVwdGq+teO8ClQj10F44I=",
        "ref": "refs/tags/v0.44.1",
        "rev": "5e0d96a8d2580a684d5d0e8bc6fed297db1c5af1",
        "revCount": 876,
        "type": "git",
        "url": "ssh://git@github.com/lunarway/async-schema-tooling"
      },
      "original": {
        "ref": "refs/tags/v0.44.1",
        "type": "git",
        "url": "ssh://git@github.com/lunarway/async-schema-tooling"
      }
    },
    "brew-src": {
      "flake": false,
      "locked": {
        "lastModified": 1758543057,
        "narHash": "sha256-lw3V2jOGYphUFHYQ5oARcb6urlbNpUCLJy1qhsGdUmc=",
        "owner": "Homebrew",
        "repo": "brew",
        "rev": "5b236456eb93133c2bd0d60ef35ed63f1c0712f6",
        "type": "github"
      },
      "original": {
        "owner": "Homebrew",
        "ref": "4.6.12",
        "repo": "brew",
        "type": "github"
      }
    },
    "cliproject": {
      "flake": false,
      "locked": {
        "lastModified": 1728279696,
        "narHash": "sha256-a3hem0cJbYlYwHmWWXPhb6+9LR5pmfOV6i2yoHl8WQk=",
        "ref": "refs/tags/v0.2.1",
        "rev": "574d16a9a418e10a9c5a4226c9149f3de75b4a5f",
        "revCount": 22,
        "type": "git",
        "url": "ssh://git@github.com/lunarway/cliproject"
      },
      "original": {
        "ref": "refs/tags/v0.2.1",
        "type": "git",
        "url": "ssh://git@github.com/lunarway/cliproject"
      }
    },
    "correlation": {
      "flake": false,
      "locked": {
        "lastModified": 1694087611,
        "narHash": "sha256-Rt+xtGMo+mKrijDKHh/mEqmiuXZ4/JqTNie0PC/WPaA=",
        "ref": "refs/tags/v1.0.1",
        "rev": "c3096e32cc31df4382d364550a23d5a183acc352",
        "revCount": 39,
        "type": "git",
        "url": "ssh://git@github.com/lunarway/go-correlation"
      },
      "original": {
        "ref": "refs/tags/v1.0.1",
        "type": "git",
        "url": "ssh://git@github.com/lunarway/go-correlation"
      }
    },
    "dagger": {
      "inputs": {
        "nixpkgs": [
          "lunar-tools",
          "nixpkgs"
        ]
      },
      "locked": {
        "lastModified": 1759234615,
        "narHash": "sha256-EiV8Q+S3elJ0Q0jH8ubDUUykxI6WwIDIluAI0AvE97M=",
        "owner": "dagger",
        "repo": "nix",
        "rev": "6215bc1f0c3e6337557cd2660bc81835431fc6f2",
        "type": "github"
      },
      "original": {
        "owner": "dagger",
        "repo": "nix",
        "type": "github"
      }
    },
    "darwin": {
      "inputs": {
        "nixpkgs": [
          "nixpkgs"
        ]
      },
      "locked": {
        "lastModified": 1761339987,
        "narHash": "sha256-IUaawVwItZKi64IA6kF6wQCLCzpXbk2R46dHn8sHkig=",
        "owner": "nix-darwin",
        "repo": "nix-darwin",
        "rev": "7cd9aac79ee2924a85c211d21fafd394b06a38de",
        "type": "github"
      },
      "original": {
        "owner": "nix-darwin",
        "repo": "nix-darwin",
        "type": "github"
      }
    },
    "deploy-rs": {
      "inputs": {
        "flake-compat": "flake-compat",
        "nixpkgs": "nixpkgs",
        "utils": "utils"
      },
      "locked": {
        "lastModified": 1756719547,
        "narHash": "sha256-N9gBKUmjwRKPxAafXEk1EGadfk2qDZPBQp4vXWPHINQ=",
        "owner": "serokell",
        "repo": "deploy-rs",
        "rev": "125ae9e3ecf62fb2c0fd4f2d894eb971f1ecaed2",
        "type": "github"
      },
      "original": {
        "owner": "serokell",
        "repo": "deploy-rs",
        "type": "github"
      }
    },
    "disko": {
      "inputs": {
        "nixpkgs": [
          "nixpkgs"
        ]
      },
      "locked": {
        "lastModified": 1760701190,
        "narHash": "sha256-y7UhnWlER8r776JsySqsbTUh2Txf7K30smfHlqdaIQw=",
        "owner": "nix-community",
        "repo": "disko",
        "rev": "3a9450b26e69dcb6f8de6e2b07b3fc1c288d85f5",
        "type": "github"
      },
      "original": {
        "owner": "nix-community",
        "repo": "disko",
        "type": "github"
      }
    },
    "flake-compat": {
      "flake": false,
      "locked": {
        "lastModified": 1733328505,
        "narHash": "sha256-NeCCThCEP3eCl2l/+27kNNK7QrwZB1IJCrXfrbv5oqU=",
        "owner": "edolstra",
        "repo": "flake-compat",
        "rev": "ff81ac966bb2cae68946d5ed5fc4994f96d0ffec",
        "type": "github"
      },
      "original": {
        "owner": "edolstra",
        "repo": "flake-compat",
        "type": "github"
      }
    },
    "flake-utils": {
      "inputs": {
        "systems": "systems_2"
      },
      "locked": {
        "lastModified": 1731533236,
        "narHash": "sha256-l0KFg5HjrsfsO/JpG+r7fRrqm12kzFHyUHqHCVpMMbI=",
        "owner": "numtide",
        "repo": "flake-utils",
        "rev": "11707dc2f618dd54ca8739b309ec4fc024de578b",
        "type": "github"
      },
      "original": {
        "owner": "numtide",
        "repo": "flake-utils",
        "type": "github"
      }
    },
    "flake-utils_10": {
      "inputs": {
        "systems": "systems_11"
      },
      "locked": {
        "lastModified": 1731533236,
        "narHash": "sha256-l0KFg5HjrsfsO/JpG+r7fRrqm12kzFHyUHqHCVpMMbI=",
        "owner": "numtide",
        "repo": "flake-utils",
        "rev": "11707dc2f618dd54ca8739b309ec4fc024de578b",
        "type": "github"
      },
      "original": {
        "owner": "numtide",
        "repo": "flake-utils",
        "type": "github"
      }
    },
    "flake-utils_11": {
      "inputs": {
        "systems": "systems_12"
      },
      "locked": {
        "lastModified": 1731533236,
        "narHash": "sha256-l0KFg5HjrsfsO/JpG+r7fRrqm12kzFHyUHqHCVpMMbI=",
        "owner": "numtide",
        "repo": "flake-utils",
        "rev": "11707dc2f618dd54ca8739b309ec4fc024de578b",
        "type": "github"
      },
      "original": {
        "owner": "numtide",
        "repo": "flake-utils",
        "type": "github"
      }
    },
    "flake-utils_12": {
      "inputs": {
        "systems": "systems_13"
      },
      "locked": {
        "lastModified": 1731533236,
        "narHash": "sha256-l0KFg5HjrsfsO/JpG+r7fRrqm12kzFHyUHqHCVpMMbI=",
        "owner": "numtide",
        "repo": "flake-utils",
        "rev": "11707dc2f618dd54ca8739b309ec4fc024de578b",
        "type": "github"
      },
      "original": {
        "owner": "numtide",
        "repo": "flake-utils",
        "type": "github"
      }
    },
    "flake-utils_13": {
      "inputs": {
        "systems": "systems_14"
      },
      "locked": {
        "lastModified": 1731533236,
        "narHash": "sha256-l0KFg5HjrsfsO/JpG+r7fRrqm12kzFHyUHqHCVpMMbI=",
        "owner": "numtide",
        "repo": "flake-utils",
        "rev": "11707dc2f618dd54ca8739b309ec4fc024de578b",
        "type": "github"
      },
      "original": {
        "owner": "numtide",
        "repo": "flake-utils",
        "type": "github"
      }
    },
    "flake-utils_14": {
      "inputs": {
        "systems": "systems_15"
      },
      "locked": {
        "lastModified": 1731533236,
        "narHash": "sha256-l0KFg5HjrsfsO/JpG+r7fRrqm12kzFHyUHqHCVpMMbI=",
        "owner": "numtide",
        "repo": "flake-utils",
        "rev": "11707dc2f618dd54ca8739b309ec4fc024de578b",
        "type": "github"
      },
      "original": {
        "owner": "numtide",
        "repo": "flake-utils",
        "type": "github"
      }
    },
    "flake-utils_15": {
      "inputs": {
        "systems": "systems_16"
      },
      "locked": {
        "lastModified": 1731533236,
        "narHash": "sha256-l0KFg5HjrsfsO/JpG+r7fRrqm12kzFHyUHqHCVpMMbI=",
        "owner": "numtide",
        "repo": "flake-utils",
        "rev": "11707dc2f618dd54ca8739b309ec4fc024de578b",
        "type": "github"
      },
      "original": {
        "owner": "numtide",
        "repo": "flake-utils",
        "type": "github"
      }
    },
    "flake-utils_16": {
      "inputs": {
        "systems": "systems_17"
      },
      "locked": {
        "lastModified": 1731533236,
        "narHash": "sha256-l0KFg5HjrsfsO/JpG+r7fRrqm12kzFHyUHqHCVpMMbI=",
        "owner": "numtide",
        "repo": "flake-utils",
        "rev": "11707dc2f618dd54ca8739b309ec4fc024de578b",
        "type": "github"
      },
      "original": {
        "owner": "numtide",
        "repo": "flake-utils",
        "type": "github"
      }
    },
    "flake-utils_2": {
      "inputs": {
        "systems": "systems_3"
      },
      "locked": {
        "lastModified": 1731533236,
        "narHash": "sha256-l0KFg5HjrsfsO/JpG+r7fRrqm12kzFHyUHqHCVpMMbI=",
        "owner": "numtide",
        "repo": "flake-utils",
        "rev": "11707dc2f618dd54ca8739b309ec4fc024de578b",
        "type": "github"
      },
      "original": {
        "owner": "numtide",
        "repo": "flake-utils",
        "type": "github"
      }
    },
    "flake-utils_3": {
      "inputs": {
        "systems": "systems_4"
      },
      "locked": {
        "lastModified": 1731533236,
        "narHash": "sha256-l0KFg5HjrsfsO/JpG+r7fRrqm12kzFHyUHqHCVpMMbI=",
        "owner": "numtide",
        "repo": "flake-utils",
        "rev": "11707dc2f618dd54ca8739b309ec4fc024de578b",
        "type": "github"
      },
      "original": {
        "owner": "numtide",
        "repo": "flake-utils",
        "type": "github"
      }
    },
    "flake-utils_4": {
      "inputs": {
        "systems": "systems_5"
      },
      "locked": {
        "lastModified": 1731533236,
        "narHash": "sha256-l0KFg5HjrsfsO/JpG+r7fRrqm12kzFHyUHqHCVpMMbI=",
        "owner": "numtide",
        "repo": "flake-utils",
        "rev": "11707dc2f618dd54ca8739b309ec4fc024de578b",
        "type": "github"
      },
      "original": {
        "owner": "numtide",
        "repo": "flake-utils",
        "type": "github"
      }
    },
    "flake-utils_5": {
      "inputs": {
        "systems": "systems_6"
      },
      "locked": {
        "lastModified": 1731533236,
        "narHash": "sha256-l0KFg5HjrsfsO/JpG+r7fRrqm12kzFHyUHqHCVpMMbI=",
        "owner": "numtide",
        "repo": "flake-utils",
        "rev": "11707dc2f618dd54ca8739b309ec4fc024de578b",
        "type": "github"
      },
      "original": {
        "owner": "numtide",
        "repo": "flake-utils",
        "type": "github"
      }
    },
    "flake-utils_6": {
      "inputs": {
        "systems": "systems_7"
      },
      "locked": {
        "lastModified": 1731533236,
        "narHash": "sha256-l0KFg5HjrsfsO/JpG+r7fRrqm12kzFHyUHqHCVpMMbI=",
        "owner": "numtide",
        "repo": "flake-utils",
        "rev": "11707dc2f618dd54ca8739b309ec4fc024de578b",
        "type": "github"
      },
      "original": {
        "owner": "numtide",
        "repo": "flake-utils",
        "type": "github"
      }
    },
    "flake-utils_7": {
      "inputs": {
        "systems": "systems_8"
      },
      "locked": {
        "lastModified": 1731533236,
        "narHash": "sha256-l0KFg5HjrsfsO/JpG+r7fRrqm12kzFHyUHqHCVpMMbI=",
        "owner": "numtide",
        "repo": "flake-utils",
        "rev": "11707dc2f618dd54ca8739b309ec4fc024de578b",
        "type": "github"
      },
      "original": {
        "owner": "numtide",
        "repo": "flake-utils",
        "type": "github"
      }
    },
    "flake-utils_8": {
      "inputs": {
        "systems": "systems_9"
      },
      "locked": {
        "lastModified": 1731533236,
        "narHash": "sha256-l0KFg5HjrsfsO/JpG+r7fRrqm12kzFHyUHqHCVpMMbI=",
        "owner": "numtide",
        "repo": "flake-utils",
        "rev": "11707dc2f618dd54ca8739b309ec4fc024de578b",
        "type": "github"
      },
      "original": {
        "owner": "numtide",
        "repo": "flake-utils",
        "type": "github"
      }
    },
    "flake-utils_9": {
      "inputs": {
        "systems": "systems_10"
      },
      "locked": {
        "lastModified": 1731533236,
        "narHash": "sha256-l0KFg5HjrsfsO/JpG+r7fRrqm12kzFHyUHqHCVpMMbI=",
        "owner": "numtide",
        "repo": "flake-utils",
        "rev": "11707dc2f618dd54ca8739b309ec4fc024de578b",
        "type": "github"
      },
      "original": {
        "owner": "numtide",
        "repo": "flake-utils",
        "type": "github"
      }
    },
    "freetype2": {
      "flake": false,
      "locked": {
        "lastModified": 1723459814,
        "narHash": "sha256-4l90lDtpgm5xlh2m7ifrqNy373DTRTULRkAzicrM93c=",
        "owner": "freetype",
        "repo": "freetype",
        "rev": "42608f77f20749dd6ddc9e0536788eaad70ea4b5",
        "type": "github"
      },
      "original": {
        "owner": "freetype",
        "ref": "VER-2-13-3",
        "repo": "freetype",
        "type": "github"
      }
    },
    "fuzzy-clone": {
      "inputs": {
        "flake-utils": "flake-utils_5",
        "fuzzy-clone": "fuzzy-clone_2",
        "nixpkgs": [
          "lunar-tools",
          "nixpkgs"
        ]
      },
      "locked": {
        "path": "./nix/lunar-tooling/fuzzy-clone",
        "type": "path"
      },
      "original": {
        "path": "./nix/lunar-tooling/fuzzy-clone",
        "type": "path"
      },
      "parent": [
        "lunar-tools"
      ]
    },
    "fuzzy-clone_2": {
      "flake": false,
      "locked": {
        "lastModified": 1739177128,
        "narHash": "sha256-mpO4A4LQMrcJWxSmn6WVpTzaFPNRYZl3QZfxpkWf0UU=",
        "ref": "refs/tags/v0.5.0",
        "rev": "2bca764391b8bb4ae7d07c219a93b345b318d3e2",
        "revCount": 55,
        "type": "git",
        "url": "ssh://git@github.com/lunarway/fuzzy-clone"
      },
      "original": {
        "ref": "refs/tags/v0.5.0",
        "type": "git",
        "url": "ssh://git@github.com/lunarway/fuzzy-clone"
      }
    },
    "gitnow": {
      "inputs": {
        "flake-utils": "flake-utils_6",
        "gitnow": "gitnow_2",
        "nixpkgs": [
          "lunar-tools",
          "nixpkgs"
        ],
        "rust-overlay": [
          "lunar-tools",
          "rust-overlay"
        ]
      },
      "locked": {
        "path": "./nix/misc-tooling/gitnow",
        "type": "path"
      },
      "original": {
        "path": "./nix/misc-tooling/gitnow",
        "type": "path"
      },
      "parent": [
        "lunar-tools"
      ]
    },
    "gitnow_2": {
      "flake": false,
      "locked": {
        "lastModified": 1741090598,
        "narHash": "sha256-N0xpUm3rTisvo7fKQ+kN5bYbWa74oq+PpaOVBRDHElQ=",
        "owner": "kjuulh",
        "repo": "gitnow",
        "rev": "e2102bfd99a59ad53469d2c0b089770a9f360a38",
        "type": "github"
      },
      "original": {
        "owner": "kjuulh",
        "ref": "tags/v0.3.5",
        "repo": "gitnow",
        "type": "github"
      }
    },
    "gomod2nix": {
      "inputs": {
        "flake-utils": "flake-utils_3",
        "nixpkgs": "nixpkgs_2"
      },
      "locked": {
        "lastModified": 1759991118,
        "narHash": "sha256-pDyrtUQyeP1lVTMIYqJtftzDtsXEZaJjYy9ZQ/SGhL8=",
        "owner": "nix-community",
        "repo": "gomod2nix",
        "rev": "7f8d7438f5870eb167abaf2c39eea3d2302019d1",
        "type": "github"
      },
      "original": {
        "owner": "nix-community",
        "repo": "gomod2nix",
        "type": "github"
      }
    },
    "gomod2nix_2": {
      "inputs": {
        "flake-utils": "flake-utils_12",
        "nixpkgs": "nixpkgs_3"
      },
      "locked": {
        "lastModified": 1759991118,
        "narHash": "sha256-pDyrtUQyeP1lVTMIYqJtftzDtsXEZaJjYy9ZQ/SGhL8=",
        "owner": "nix-community",
        "repo": "gomod2nix",
        "rev": "7f8d7438f5870eb167abaf2c39eea3d2302019d1",
        "type": "github"
      },
      "original": {
        "owner": "nix-community",
        "repo": "gomod2nix",
        "type": "github"
      }
    },
    "hamctl": {
      "inputs": {
        "flake-utils": "flake-utils_7",
        "nixpkgs": [
          "lunar-tools",
          "nixpkgs"
        ],
        "release-manager": "release-manager"
      },
      "locked": {
        "path": "./nix/lunar-tooling/hamctl",
        "type": "path"
      },
      "original": {
        "path": "./nix/lunar-tooling/hamctl",
        "type": "path"
      },
      "parent": [
        "lunar-tools"
      ]
    },
    "harfbuzz": {
      "flake": false,
      "locked": {
        "lastModified": 1747068667,
        "narHash": "sha256-VxN0lsFnW0vHnIXZ806Lg2NU0/ESnE6z249mXPhfas8=",
        "owner": "harfbuzz",
        "repo": "harfbuzz",
        "rev": "33a3f8de60dcad7535f14f07d6710144548853ac",
        "type": "github"
      },
      "original": {
        "owner": "harfbuzz",
        "ref": "11.2.1",
        "repo": "harfbuzz",
        "type": "github"
      }
    },
    "home-manager": {
      "inputs": {
        "nixpkgs": [
          "nixpkgs"
        ]
      },
      "locked": {
        "lastModified": 1761584077,
        "narHash": "sha256-dISPEZahlfs5K6d58zR4akRRyogfE9P4WSyPPNT7HiE=",
        "owner": "nix-community",
        "repo": "home-manager",
        "rev": "e82585308aef3d4cc2c36c7b6946051c8cdf24ef",
        "type": "github"
      },
      "original": {
        "owner": "nix-community",
        "repo": "home-manager",
        "type": "github"
      }
    },
    "hubble": {
      "inputs": {
        "flake-utils": "flake-utils_8",
        "nixpkgs": [
          "lunar-tools",
          "nixpkgs"
        ],
        "pyproject-build-systems": "pyproject-build-systems",
        "pyproject-nix": "pyproject-nix",
        "uv2nix": "uv2nix"
      },
      "locked": {
        "lastModified": 1759411370,
        "narHash": "sha256-ND7GwXK0AYK3ccVU4Pw9/wxmCEe4q3pzjjUvg1q0mes=",
        "ref": "refs/heads/master",
        "rev": "d805c6e41bdfdb5f55a122a2cf577705080662c2",
        "revCount": 149,
        "type": "git",
        "url": "ssh://git@github.com/lunarway/hubble-cli"
      },
      "original": {
        "type": "git",
        "url": "ssh://git@github.com/lunarway/hubble-cli"
      }
    },
    "libpng": {
      "flake": false,
      "locked": {
        "lastModified": 1726173884,
        "narHash": "sha256-gBfHgGaqVYdmhWXoNKZzPyGzyw2rr3zp+DjWmfC41jk=",
        "owner": "pnggroup",
        "repo": "libpng",
        "rev": "f5e92d76973a7a53f517579bc95d61483bf108c0",
        "type": "github"
      },
      "original": {
        "owner": "pnggroup",
        "ref": "v1.6.44",
        "repo": "libpng",
        "type": "github"
      }
    },
    "lunar-legacy": {
      "inputs": {
        "flake-utils": "flake-utils_9",
        "lw-zsh": "lw-zsh",
        "nixpkgs": [
          "lunar-tools",
          "nixpkgs"
        ]
      },
      "locked": {
        "path": "./nix/lunar-tooling/lunar-legacy",
        "type": "path"
      },
      "original": {
        "path": "./nix/lunar-tooling/lunar-legacy",
        "type": "path"
      },
      "parent": [
        "lunar-tools"
      ]
    },
    "lunar-tools": {
      "inputs": {
        "async-schema-tooling": "async-schema-tooling",
        "dagger": "dagger",
        "flake-utils": "flake-utils_4",
        "fuzzy-clone": "fuzzy-clone",
        "gitnow": "gitnow",
        "hamctl": "hamctl",
        "hubble": "hubble",
        "lunar-legacy": "lunar-legacy",
        "lunar-zsh-plugin": "lunar-zsh-plugin",
        "lunarctl": "lunarctl",
        "nixpkgs": "nixpkgs_4",
        "rust-overlay": "rust-overlay",
        "sesh": "sesh",
        "shuttle": "shuttle"
      },
      "locked": {
        "lastModified": 1761667517,
        "narHash": "sha256-+xbqTIuvES0JEurRyFtlYnBqbrmRzMonP5+qcE+jGNU=",
        "ref": "feat/add-rds-access",
        "rev": "bb8ed8d968043669baa039b4d91268a8d6f3f43b",
        "revCount": 30,
        "type": "git",
        "url": "ssh://git@github.com/lunarway/lw-nix"
      },
      "original": {
        "ref": "feat/add-rds-access",
        "type": "git",
        "url": "ssh://git@github.com/lunarway/lw-nix"
      }
    },
    "lunar-zsh-plugin": {
      "inputs": {
        "flake-utils": "flake-utils_10",
        "nixpkgs": [
          "lunar-tools",
          "nixpkgs"
        ]
      },
      "locked": {
        "path": "./nix/lunar-tooling/lunar-zsh-plugin",
        "type": "path"
      },
      "original": {
        "path": "./nix/lunar-tooling/lunar-zsh-plugin",
        "type": "path"
      },
      "parent": [
        "lunar-tools"
      ]
    },
    "lunarctl": {
      "inputs": {
        "correlation": "correlation",
        "flake-utils": "flake-utils_11",
        "gomod2nix": "gomod2nix_2",
        "lunarctl": "lunarctl_2",
        "nixpkgs": [
          "lunar-tools",
          "nixpkgs"
        ],
        "vostok": "vostok_2",
        "zlog": "zlog"
      },
      "locked": {
        "path": "./nix/lunar-tooling/lunarctl",
        "type": "path"
      },
      "original": {
        "path": "./nix/lunar-tooling/lunarctl",
        "type": "path"
      },
      "parent": [
        "lunar-tools"
      ]
    },
    "lunarctl_2": {
      "flake": false,
      "locked": {
        "lastModified": 1741338943,
        "narHash": "sha256-T6AT3HiAa/jQdW+GGnKrvIo66n3ESAVJNnYmVdyY5sM=",
        "ref": "refs/tags/v0.11.0",
        "rev": "149c51bec4176d1705bf6d38a40c56222ef84d2a",
        "revCount": 136,
        "type": "git",
        "url": "ssh://git@github.com/lunarway/lunarctl"
      },
      "original": {
        "ref": "refs/tags/v0.11.0",
        "type": "git",
        "url": "ssh://git@github.com/lunarway/lunarctl"
      }
    },
    "lw-zsh": {
      "flake": false,
      "locked": {
        "lastModified": 1758704855,
        "narHash": "sha256-OM8hI1mvfxS1nBYGd6RfS/BE1bXcIh2Oo8qvGHXa5kg=",
        "ref": "refs/heads/master",
        "rev": "fdf15763143fe7de45378f9bbda72afff61e9738",
        "revCount": 574,
        "type": "git",
        "url": "ssh://git@github.com/lunarway/lw-zsh"
      },
      "original": {
        "type": "git",
        "url": "ssh://git@github.com/lunarway/lw-zsh"
      }
    },
    "matcher": {
      "flake": false,
      "locked": {
        "lastModified": 1722343098,
        "narHash": "sha256-YOHMzU1W5k7eCBCCiPirBOUoN4we2siHLdQRKvEx97U=",
        "ref": "refs/heads/master",
        "rev": "3f4f606e2af3c05f95252ac5c8d223ab1196d8c2",
        "revCount": 7,
        "type": "git",
        "url": "ssh://git@github.com/lunarway/go-matcher"
      },
      "original": {
        "rev": "3f4f606e2af3c05f95252ac5c8d223ab1196d8c2",
        "type": "git",
        "url": "ssh://git@github.com/lunarway/go-matcher"
      }
    },
    "nix-homebrew": {
      "inputs": {
        "brew-src": "brew-src"
      },
      "locked": {
        "lastModified": 1758598228,
        "narHash": "sha256-qr60maXGbZ4FX5tejPRI3nr0bnRTnZ3AbbbfO6/6jq4=",
        "owner": "zhaofengli",
        "repo": "nix-homebrew",
        "rev": "f36e5db56e117f7df701ab152d0d2036ea85218c",
        "type": "github"
      },
      "original": {
        "owner": "zhaofengli",
        "repo": "nix-homebrew",
        "type": "github"
      }
    },
    "nixpkgs": {
      "locked": {
        "lastModified": 1743014863,
        "narHash": "sha256-jAIUqsiN2r3hCuHji80U7NNEafpIMBXiwKlSrjWMlpg=",
        "owner": "NixOS",
        "repo": "nixpkgs",
        "rev": "bd3bac8bfb542dbde7ffffb6987a1a1f9d41699f",
        "type": "github"
      },
      "original": {
        "owner": "NixOS",
        "ref": "nixpkgs-unstable",
        "repo": "nixpkgs",
        "type": "github"
      }
    },
    "nixpkgs_2": {
      "locked": {
        "lastModified": 1755864489,
        "narHash": "sha256-ojoEEg2c8gTyV+9sZzPWiMgtsXoqTkY/8k7tEqn9TQo=",
        "owner": "NixOS",
        "repo": "nixpkgs",
        "rev": "f24c0439ea1296e295445e0d8117d282bdacaa9a",
        "type": "github"
      },
      "original": {
        "owner": "NixOS",
        "ref": "master",
        "repo": "nixpkgs",
        "type": "github"
      }
    },
    "nixpkgs_3": {
      "locked": {
        "lastModified": 1755864489,
        "narHash": "sha256-ojoEEg2c8gTyV+9sZzPWiMgtsXoqTkY/8k7tEqn9TQo=",
        "owner": "NixOS",
        "repo": "nixpkgs",
        "rev": "f24c0439ea1296e295445e0d8117d282bdacaa9a",
        "type": "github"
      },
      "original": {
        "owner": "NixOS",
        "ref": "master",
        "repo": "nixpkgs",
        "type": "github"
      }
    },
    "nixpkgs_4": {
      "locked": {
        "lastModified": 1759386674,
        "narHash": "sha256-wg1Lz/1FC5Q13R+mM5a2oTV9TA9L/CHHTm3/PiLayfA=",
        "owner": "nixos",
        "repo": "nixpkgs",
        "rev": "625ad6366178f03acd79f9e3822606dd7985b657",
        "type": "github"
      },
      "original": {
        "owner": "nixos",
        "ref": "nixpkgs-unstable",
        "repo": "nixpkgs",
        "type": "github"
      }
    },
    "nixpkgs_5": {
      "locked": {
        "lastModified": 1744536153,
        "narHash": "sha256-awS2zRgF4uTwrOKwwiJcByDzDOdo3Q1rPZbiHQg/N38=",
        "owner": "NixOS",
        "repo": "nixpkgs",
        "rev": "18dd725c29603f582cf1900e0d25f9f1063dbf11",
        "type": "github"
      },
      "original": {
        "owner": "NixOS",
        "ref": "nixpkgs-unstable",
        "repo": "nixpkgs",
        "type": "github"
      }
    },
    "nixpkgs_6": {
      "locked": {
        "lastModified": 1761440988,
        "narHash": "sha256-2qsow3cQIgZB2g8Cy8cW+L9eXDHP6a1PsvOschk5y+E=",
        "owner": "nixos",
        "repo": "nixpkgs",
        "rev": "de69d2ba6c70e747320df9c096523b623d3a4c35",
        "type": "github"
      },
      "original": {
        "owner": "nixos",
        "ref": "nixpkgs-unstable",
        "repo": "nixpkgs",
        "type": "github"
      }
    },
    "nixpkgs_7": {
      "locked": {
        "lastModified": 1751251929,
        "narHash": "sha256-IJWIzZSkBsDzS7iS/iwSwur+xFkWqeLYC4kdf8ObtOM=",
        "owner": "NixOS",
        "repo": "nixpkgs",
        "rev": "b95255df2360a45ddbb03817a68869d5cb01bf96",
        "type": "github"
      },
      "original": {
        "owner": "NixOS",
        "ref": "nixpkgs-unstable",
        "repo": "nixpkgs",
        "type": "github"
      }
    },
    "nixpkgs_8": {
      "locked": {
        "lastModified": 1756288264,
        "narHash": "sha256-Om8adB1lfkU7D33VpR+/haZ2gI5r3Q+ZbIPzE5sYnwE=",
        "owner": "NixOS",
        "repo": "nixpkgs",
        "rev": "ddd1826f294a0ee5fdc198ab72c8306a0ea73aa9",
        "type": "github"
      },
      "original": {
        "owner": "NixOS",
        "ref": "nixpkgs-unstable",
        "repo": "nixpkgs",
        "type": "github"
      }
    },
    "pyproject-build-systems": {
      "inputs": {
        "nixpkgs": [
          "lunar-tools",
          "hubble",
          "nixpkgs"
        ],
        "pyproject-nix": [
          "lunar-tools",
          "hubble",
          "pyproject-nix"
        ],
        "uv2nix": [
          "lunar-tools",
          "hubble",
          "uv2nix"
        ]
      },
      "locked": {
        "lastModified": 1757296493,
        "narHash": "sha256-6nzSZl28IwH2Vx8YSmd3t6TREHpDbKlDPK+dq1LKIZQ=",
        "owner": "pyproject-nix",
        "repo": "build-system-pkgs",
        "rev": "5b8e37fe0077db5c1df3a5ee90a651345f085d38",
        "type": "github"
      },
      "original": {
        "owner": "pyproject-nix",
        "repo": "build-system-pkgs",
        "type": "github"
      }
    },
    "pyproject-nix": {
      "inputs": {
        "nixpkgs": [
          "lunar-tools",
          "hubble",
          "nixpkgs"
        ]
      },
      "locked": {
        "lastModified": 1758265079,
        "narHash": "sha256-amLaLNwKSZPShQHzfgmc/9o76dU8xzN0743dWgvYlr8=",
        "owner": "pyproject-nix",
        "repo": "pyproject.nix",
        "rev": "02e9418fd4af638447dca4b17b1280da95527fc9",
        "type": "github"
      },
      "original": {
        "owner": "pyproject-nix",
        "repo": "pyproject.nix",
        "type": "github"
      }
    },
    "release-manager": {
      "flake": false,
      "locked": {
        "lastModified": 1745910936,
        "narHash": "sha256-OXyHutO06ZtUAnO9dfSYpo6YynwD87g00/zkKA5Q4Jc=",
        "ref": "refs/tags/v0.32.1",
        "rev": "574c8ba7358adc1ef7c763bbb91f309ae06e58d0",
        "revCount": 570,
        "type": "git",
        "url": "ssh://git@github.com/lunarway/release-manager"
      },
      "original": {
        "ref": "refs/tags/v0.32.1",
        "type": "git",
        "url": "ssh://git@github.com/lunarway/release-manager"
      }
    },
    "root": {
      "inputs": {
        "darwin": "darwin",
        "deploy-rs": "deploy-rs",
        "disko": "disko",
        "flake-utils": "flake-utils",
        "home-manager": "home-manager",
        "lunar-tools": "lunar-tools",
        "nix-homebrew": "nix-homebrew",
        "nixpkgs": "nixpkgs_6",
        "sops-nix": "sops-nix",
        "wezterm": "wezterm",
        "yazi": "yazi"
      }
    },
    "rust-overlay": {
      "inputs": {
        "nixpkgs": "nixpkgs_5"
      },
      "locked": {
        "lastModified": 1759544920,
        "narHash": "sha256-yQwP0JOHi3Icq09GG5ufGuGrq2zIijglVFj3kkF2MHA=",
        "owner": "oxalica",
        "repo": "rust-overlay",
        "rev": "bd3a63bbff2c4cb3cd48e9d49f54c2ccad457f70",
        "type": "github"
      },
      "original": {
        "owner": "oxalica",
        "repo": "rust-overlay",
        "type": "github"
      }
    },
    "rust-overlay_2": {
      "inputs": {
        "nixpkgs": [
          "wezterm",
          "nixpkgs"
        ]
      },
      "locked": {
        "lastModified": 1751251399,
        "narHash": "sha256-y+viCuy/eKKpkX1K2gDvXIJI/yzvy6zA3HObapz9XZ0=",
        "owner": "oxalica",
        "repo": "rust-overlay",
        "rev": "b22d5ee8c60ed1291521f2dde48784edd6bf695b",
        "type": "github"
      },
      "original": {
        "owner": "oxalica",
        "repo": "rust-overlay",
        "type": "github"
      }
    },
    "rust-overlay_3": {
      "inputs": {
        "nixpkgs": [
          "yazi",
          "nixpkgs"
        ]
      },
      "locked": {
        "lastModified": 1756348497,
        "narHash": "sha256-xJp3VnoYh4kpsaKFO/7SsGbwOz7pI1ZmjbqpXEuR2cw=",
        "owner": "oxalica",
        "repo": "rust-overlay",
        "rev": "0adf92c70d23fb4f703aea5d3ebb51ac65994f7f",
        "type": "github"
      },
      "original": {
        "owner": "oxalica",
        "repo": "rust-overlay",
        "type": "github"
      }
    },
    "sesh": {
      "inputs": {
        "flake-utils": "flake-utils_13",
        "nixpkgs": [
          "lunar-tools",
          "nixpkgs"
        ]
      },
      "locked": {
        "lastModified": 1753740651,
        "narHash": "sha256-kxlSOPNS8mIUpzojW4z0uHEyHvY9pHAv7uG+GHB1wcg=",
        "owner": "kirksw",
        "repo": "sesh",
        "rev": "037f7c32967bff0808e3daaca32016cd9c2d572c",
        "type": "github"
      },
      "original": {
        "owner": "kirksw",
        "repo": "sesh",
        "type": "github"
      }
    },
    "shuttle": {
      "inputs": {
        "flake-utils": "flake-utils_14",
        "nixpkgs": [
          "lunar-tools",
          "nixpkgs"
        ],
        "shuttle": "shuttle_2"
      },
      "locked": {
        "path": "./nix/lunar-tooling/shuttle",
        "type": "path"
      },
      "original": {
        "path": "./nix/lunar-tooling/shuttle",
        "type": "path"
      },
      "parent": [
        "lunar-tools"
      ]
    },
    "shuttle_2": {
      "flake": false,
      "locked": {
        "lastModified": 1732705229,
        "narHash": "sha256-5tasK7eGzcs87wIOFFVRP23xFnobmn1YEHlLIHuAGS8=",
        "ref": "refs/tags/v0.24.3",
        "rev": "345857d5dcdbdda5a52df70bd6ac7e0d1731c6c9",
        "revCount": 266,
        "type": "git",
        "url": "ssh://git@github.com/lunarway/shuttle"
      },
      "original": {
        "ref": "refs/tags/v0.24.3",
        "type": "git",
        "url": "ssh://git@github.com/lunarway/shuttle"
      }
    },
    "sops-nix": {
      "inputs": {
        "nixpkgs": [
          "nixpkgs"
        ]
      },
      "locked": {
        "lastModified": 1760998189,
        "narHash": "sha256-ee2e1/AeGL5X8oy/HXsZQvZnae6XfEVdstGopKucYLY=",
        "owner": "Mic92",
        "repo": "sops-nix",
        "rev": "5a7d18b5c55642df5c432aadb757140edfeb70b3",
        "type": "github"
      },
      "original": {
        "owner": "Mic92",
        "repo": "sops-nix",
        "type": "github"
      }
    },
    "systems": {
      "locked": {
        "lastModified": 1681028828,
        "narHash": "sha256-Vy1rq5AaRuLzOxct8nz4T6wlgyUR7zLU309k9mBC768=",
        "owner": "nix-systems",
        "repo": "default",
        "rev": "da67096a3b9bf56a91d16901293e51ba5b49a27e",
        "type": "github"
      },
      "original": {
        "owner": "nix-systems",
        "repo": "default",
        "type": "github"
      }
    },
    "systems_10": {
      "locked": {
        "lastModified": 1681028828,
        "narHash": "sha256-Vy1rq5AaRuLzOxct8nz4T6wlgyUR7zLU309k9mBC768=",
        "owner": "nix-systems",
        "repo": "default",
        "rev": "da67096a3b9bf56a91d16901293e51ba5b49a27e",
        "type": "github"
      },
      "original": {
        "owner": "nix-systems",
        "repo": "default",
        "type": "github"
      }
    },
    "systems_11": {
      "locked": {
        "lastModified": 1681028828,
        "narHash": "sha256-Vy1rq5AaRuLzOxct8nz4T6wlgyUR7zLU309k9mBC768=",
        "owner": "nix-systems",
        "repo": "default",
        "rev": "da67096a3b9bf56a91d16901293e51ba5b49a27e",
        "type": "github"
      },
      "original": {
        "owner": "nix-systems",
        "repo": "default",
        "type": "github"
      }
    },
    "systems_12": {
      "locked": {
        "lastModified": 1681028828,
        "narHash": "sha256-Vy1rq5AaRuLzOxct8nz4T6wlgyUR7zLU309k9mBC768=",
        "owner": "nix-systems",
        "repo": "default",
        "rev": "da67096a3b9bf56a91d16901293e51ba5b49a27e",
        "type": "github"
      },
      "original": {
        "owner": "nix-systems",
        "repo": "default",
        "type": "github"
      }
    },
    "systems_13": {
      "locked": {
        "lastModified": 1681028828,
        "narHash": "sha256-Vy1rq5AaRuLzOxct8nz4T6wlgyUR7zLU309k9mBC768=",
        "owner": "nix-systems",
        "repo": "default",
        "rev": "da67096a3b9bf56a91d16901293e51ba5b49a27e",
        "type": "github"
      },
      "original": {
        "owner": "nix-systems",
        "repo": "default",
        "type": "github"
      }
    },
    "systems_14": {
      "locked": {
        "lastModified": 1681028828,
        "narHash": "sha256-Vy1rq5AaRuLzOxct8nz4T6wlgyUR7zLU309k9mBC768=",
        "owner": "nix-systems",
        "repo": "default",
        "rev": "da67096a3b9bf56a91d16901293e51ba5b49a27e",
        "type": "github"
      },
      "original": {
        "owner": "nix-systems",
        "repo": "default",
        "type": "github"
      }
    },
    "systems_15": {
      "locked": {
        "lastModified": 1681028828,
        "narHash": "sha256-Vy1rq5AaRuLzOxct8nz4T6wlgyUR7zLU309k9mBC768=",
        "owner": "nix-systems",
        "repo": "default",
        "rev": "da67096a3b9bf56a91d16901293e51ba5b49a27e",
        "type": "github"
      },
      "original": {
        "owner": "nix-systems",
        "repo": "default",
        "type": "github"
      }
    },
    "systems_16": {
      "locked": {
        "lastModified": 1681028828,
        "narHash": "sha256-Vy1rq5AaRuLzOxct8nz4T6wlgyUR7zLU309k9mBC768=",
        "owner": "nix-systems",
        "repo": "default",
        "rev": "da67096a3b9bf56a91d16901293e51ba5b49a27e",
        "type": "github"
      },
      "original": {
        "owner": "nix-systems",
        "repo": "default",
        "type": "github"
      }
    },
    "systems_17": {
      "locked": {
        "lastModified": 1681028828,
        "narHash": "sha256-Vy1rq5AaRuLzOxct8nz4T6wlgyUR7zLU309k9mBC768=",
        "owner": "nix-systems",
        "repo": "default",
        "rev": "da67096a3b9bf56a91d16901293e51ba5b49a27e",
        "type": "github"
      },
      "original": {
        "owner": "nix-systems",
        "repo": "default",
        "type": "github"
      }
    },
    "systems_2": {
      "locked": {
        "lastModified": 1681028828,
        "narHash": "sha256-Vy1rq5AaRuLzOxct8nz4T6wlgyUR7zLU309k9mBC768=",
        "owner": "nix-systems",
        "repo": "default",
        "rev": "da67096a3b9bf56a91d16901293e51ba5b49a27e",
        "type": "github"
      },
      "original": {
        "owner": "nix-systems",
        "repo": "default",
        "type": "github"
      }
    },
    "systems_3": {
      "locked": {
        "lastModified": 1681028828,
        "narHash": "sha256-Vy1rq5AaRuLzOxct8nz4T6wlgyUR7zLU309k9mBC768=",
        "owner": "nix-systems",
        "repo": "default",
        "rev": "da67096a3b9bf56a91d16901293e51ba5b49a27e",
        "type": "github"
      },
      "original": {
        "owner": "nix-systems",
        "repo": "default",
        "type": "github"
      }
    },
    "systems_4": {
      "locked": {
        "lastModified": 1681028828,
        "narHash": "sha256-Vy1rq5AaRuLzOxct8nz4T6wlgyUR7zLU309k9mBC768=",
        "owner": "nix-systems",
        "repo": "default",
        "rev": "da67096a3b9bf56a91d16901293e51ba5b49a27e",
        "type": "github"
      },
      "original": {
        "owner": "nix-systems",
        "repo": "default",
        "type": "github"
      }
    },
    "systems_5": {
      "locked": {
        "lastModified": 1681028828,
        "narHash": "sha256-Vy1rq5AaRuLzOxct8nz4T6wlgyUR7zLU309k9mBC768=",
        "owner": "nix-systems",
        "repo": "default",
        "rev": "da67096a3b9bf56a91d16901293e51ba5b49a27e",
        "type": "github"
      },
      "original": {
        "owner": "nix-systems",
        "repo": "default",
        "type": "github"
      }
    },
    "systems_6": {
      "locked": {
        "lastModified": 1681028828,
        "narHash": "sha256-Vy1rq5AaRuLzOxct8nz4T6wlgyUR7zLU309k9mBC768=",
        "owner": "nix-systems",
        "repo": "default",
        "rev": "da67096a3b9bf56a91d16901293e51ba5b49a27e",
        "type": "github"
      },
      "original": {
        "owner": "nix-systems",
        "repo": "default",
        "type": "github"
      }
    },
    "systems_7": {
      "locked": {
        "lastModified": 1681028828,
        "narHash": "sha256-Vy1rq5AaRuLzOxct8nz4T6wlgyUR7zLU309k9mBC768=",
        "owner": "nix-systems",
        "repo": "default",
        "rev": "da67096a3b9bf56a91d16901293e51ba5b49a27e",
        "type": "github"
      },
      "original": {
        "owner": "nix-systems",
        "repo": "default",
        "type": "github"
      }
    },
    "systems_8": {
      "locked": {
        "lastModified": 1681028828,
        "narHash": "sha256-Vy1rq5AaRuLzOxct8nz4T6wlgyUR7zLU309k9mBC768=",
        "owner": "nix-systems",
        "repo": "default",
        "rev": "da67096a3b9bf56a91d16901293e51ba5b49a27e",
        "type": "github"
      },
      "original": {
        "owner": "nix-systems",
        "repo": "default",
        "type": "github"
      }
    },
    "systems_9": {
      "locked": {
        "lastModified": 1681028828,
        "narHash": "sha256-Vy1rq5AaRuLzOxct8nz4T6wlgyUR7zLU309k9mBC768=",
        "owner": "nix-systems",
        "repo": "default",
        "rev": "da67096a3b9bf56a91d16901293e51ba5b49a27e",
        "type": "github"
      },
      "original": {
        "owner": "nix-systems",
        "repo": "default",
        "type": "github"
      }
    },
    "ui-logger": {
      "flake": false,
      "locked": {
        "lastModified": 1728279739,
        "narHash": "sha256-nL+mGoowXdUVGTnQuXu2zGw+cttpAwNIZED8cM4g0Qw=",
        "ref": "refs/tags/v0.1.0",
        "rev": "0e6a9642aa8891b650d1f4570427ef1d1ae45a01",
        "revCount": 10,
        "type": "git",
        "url": "ssh://git@github.com/lunarway/go-ui-logger"
      },
      "original": {
        "ref": "refs/tags/v0.1.0",
        "type": "git",
        "url": "ssh://git@github.com/lunarway/go-ui-logger"
      }
    },
    "utils": {
      "inputs": {
        "systems": "systems"
      },
      "locked": {
        "lastModified": 1731533236,
        "narHash": "sha256-l0KFg5HjrsfsO/JpG+r7fRrqm12kzFHyUHqHCVpMMbI=",
        "owner": "numtide",
        "repo": "flake-utils",
        "rev": "11707dc2f618dd54ca8739b309ec4fc024de578b",
        "type": "github"
      },
      "original": {
        "owner": "numtide",
        "repo": "flake-utils",
        "type": "github"
      }
    },
    "uv2nix": {
      "inputs": {
        "nixpkgs": [
          "lunar-tools",
          "hubble",
          "nixpkgs"
        ],
        "pyproject-nix": [
          "lunar-tools",
          "hubble",
          "pyproject-nix"
        ]
      },
      "locked": {
        "lastModified": 1758512149,
        "narHash": "sha256-mT3xhzGl0v8HydxM9tYleGzi8M8sBTWrJpcgi01ghrk=",
        "owner": "pyproject-nix",
        "repo": "uv2nix",
        "rev": "37c504037708deb7f81f375b02e28128d1798a72",
        "type": "github"
      },
      "original": {
        "owner": "pyproject-nix",
        "repo": "uv2nix",
        "type": "github"
      }
    },
    "vostok": {
      "flake": false,
      "locked": {
        "lastModified": 1754315596,
        "narHash": "sha256-iNPlTq2I9Z7sS3Tq78UZVR229/ac0mBaxSyWj8HwvCE=",
        "ref": "refs/tags/v1.2.6",
        "rev": "24b56ddfe5759adc4503c25dc1b53b5875c64e4f",
        "revCount": 70,
        "type": "git",
        "url": "ssh://git@github.com/lunarway/vostok"
      },
      "original": {
        "ref": "refs/tags/v1.2.6",
        "type": "git",
        "url": "ssh://git@github.com/lunarway/vostok"
      }
    },
    "vostok_2": {
      "flake": false,
      "locked": {
        "lastModified": 1754315596,
        "narHash": "sha256-iNPlTq2I9Z7sS3Tq78UZVR229/ac0mBaxSyWj8HwvCE=",
        "ref": "refs/tags/v1.2.6",
        "rev": "24b56ddfe5759adc4503c25dc1b53b5875c64e4f",
        "revCount": 70,
        "type": "git",
        "url": "ssh://git@github.com/lunarway/vostok"
      },
      "original": {
        "ref": "refs/tags/v1.2.6",
        "type": "git",
        "url": "ssh://git@github.com/lunarway/vostok"
      }
    },
    "wezterm": {
      "inputs": {
        "flake-utils": "flake-utils_15",
        "freetype2": "freetype2",
        "harfbuzz": "harfbuzz",
        "libpng": "libpng",
        "nixpkgs": "nixpkgs_7",
        "rust-overlay": "rust-overlay_2",
        "zlib": "zlib"
      },
      "locked": {
        "dir": "nix",
        "lastModified": 1761372218,
        "narHash": "sha256-DQQsgq3D78RHNf3YoiQRdYsxntJ4phl4DJ3pcM2DYv8=",
        "owner": "wezterm",
        "repo": "wezterm",
        "rev": "b6e75fd7c8f9c9ad5af4efbba1d28df0969f6b17",
        "type": "github"
      },
      "original": {
        "dir": "nix",
        "owner": "wezterm",
        "repo": "wezterm",
        "type": "github"
      }
    },
    "yazi": {
      "inputs": {
        "flake-utils": "flake-utils_16",
        "nixpkgs": "nixpkgs_8",
        "rust-overlay": "rust-overlay_3"
      },
      "locked": {
        "lastModified": 1761582609,
        "narHash": "sha256-MfPEFYfGZm5tpaZ7dAIAo8aVT9bjTnSn64LRn3B3cdE=",
        "owner": "sxyazi",
        "repo": "yazi",
        "rev": "440e67164a8d1d82b48077935bb0095cd47bb8df",
        "type": "github"
      },
      "original": {
        "owner": "sxyazi",
        "repo": "yazi",
        "type": "github"
      }
    },
    "zlib": {
      "flake": false,
      "locked": {
        "lastModified": 1705948357,
        "narHash": "sha256-TkPLWSN5QcPlL9D0kc/yhH0/puE9bFND24aj5NVDKYs=",
        "owner": "madler",
        "repo": "zlib",
        "rev": "51b7f2abdade71cd9bb0e7a373ef2610ec6f9daf",
        "type": "github"
      },
      "original": {
        "owner": "madler",
        "ref": "v1.3.1",
        "repo": "zlib",
        "type": "github"
      }
    },
    "zlog": {
      "flake": false,
      "locked": {
        "lastModified": 1740397071,
        "narHash": "sha256-ErkC5uep/CoPz5Te34XaKklf8Y6mUgwc6LNZt/vJweY=",
        "ref": "refs/tags/v1.3.3",
        "rev": "a97eaa3c16ceb98538c26a9d9c7a245d7c291cf6",
        "revCount": 197,
        "type": "git",
        "url": "ssh://git@github.com/lunarway/go-zlog"
      },
      "original": {
        "ref": "refs/tags/v1.3.3",
        "type": "git",
        "url": "ssh://git@github.com/lunarway/go-zlog"
      }
    }
  },
  "root": "root",
  "version": 7
}
